
Microsoft Visual Studio Solution File, Format Version 12.00
# Visual Studio Version 17
VisualStudioVersion = 17.8.34330.188
MinimumVisualStudioVersion = 10.0.40219.1
Project("{9A19103F-16F7-4668-BE54-9A1E7A4F7556}") = "API_Layer", "API_Layer.csproj", "{3DA9CFE4-99FD-4A7A-8861-22E36F884CAE}"
EndProject
Project("{9A19103F-16F7-4668-BE54-9A1E7A4F7556}") = "Data", "..\Data\Data.csproj", "{2EF9FEC2-93F9-423B-9901-5CC25D2557BD}"
EndProject
Project("{9A19103F-16F7-4668-BE54-9A1E7A4F7556}") = "Core", "..\Core\Core.csproj", "{D2390EE1-D569-475B-A289-476BFFDEBE0C}"
EndProject
Project("{9A19103F-16F7-4668-BE54-9A1E7A4F7556}") = "Services", "..\Services\Services.csproj", "{53D631F4-7136-47FC-9EC4-81BB3647805F}"
EndProject
Global
	GlobalSection(SolutionConfigurationPlatforms) = preSolution
		Debug|Any CPU = Debug|Any CPU
		Release|Any CPU = Release|Any CPU
	EndGlobalSection
	GlobalSection(ProjectConfigurationPlatforms) = postSolution
		{3DA9CFE4-99FD-4A7A-8861-22E36F884CAE}.Debug|Any CPU.ActiveCfg = Debug|Any CPU
		{3DA9CFE4-99FD-4A7A-8861-22E36F884CAE}.Debug|Any CPU.Build.0 = Debug|Any CPU
		{3DA9CFE4-99FD-4A7A-8861-22E36F884CAE}.Release|Any CPU.ActiveCfg = Release|Any CPU
		{3DA9CFE4-99FD-4A7A-8861-22E36F884CAE}.Release|Any CPU.Build.0 = Release|Any CPU
		{2EF9FEC2-93F9-423B-9901-5CC25D2557BD}.Debug|Any CPU.ActiveCfg = Debug|Any CPU
		{2EF9FEC2-93F9-423B-9901-5CC25D2557BD}.Debug|Any CPU.Build.0 = Debug|Any CPU
		{2EF9FEC2-93F9-423B-9901-5CC25D2557BD}.Release|Any CPU.ActiveCfg = Release|Any CPU
		{2EF9FEC2-93F9-423B-9901-5CC25D2557BD}.Release|Any CPU.Build.0 = Release|Any CPU
		{D2390EE1-D569-475B-A289-476BFFDEBE0C}.Debug|Any CPU.ActiveCfg = Debug|Any CPU
		{D2390EE1-D569-475B-A289-476BFFDEBE0C}.Debug|Any CPU.Build.0 = Debug|Any CPU
		{D2390EE1-D569-475B-A289-476BFFDEBE0C}.Release|Any CPU.ActiveCfg = Release|Any CPU
		{D2390EE1-D569-475B-A289-476BFFDEBE0C}.Release|Any CPU.Build.0 = Release|Any CPU
		{53D631F4-7136-47FC-9EC4-81BB3647805F}.Debug|Any CPU.ActiveCfg = Debug|Any CPU
		{53D631F4-7136-47FC-9EC4-81BB3647805F}.Debug|Any CPU.Build.0 = Debug|Any CPU
		{53D631F4-7136-47FC-9EC4-81BB3647805F}.Release|Any CPU.ActiveCfg = Release|Any CPU
		{53D631F4-7136-47FC-9EC4-81BB3647805F}.Release|Any CPU.Build.0 = Release|Any CPU
	EndGlobalSection
	GlobalSection(SolutionProperties) = preSolution
		HideSolutionNode = FALSE
	EndGlobalSection
	GlobalSection(ExtensibilityGlobals) = postSolution
		SolutionGuid = {EF6F87E7-65E4-4ECD-A7BA-5564572BA8C9}
	EndGlobalSection
EndGlobal
